// !$*UTF8*$!
{
	archiveVersion = 1;
	classes = {
	};
	objectVersion = 56;
	objects = {

/* Begin PBXBuildFile section */
		8077B95A2B77B52F00B08665 /* BitsoGalleryApp.swift in Sources */ = {isa = PBXBuildFile; fileRef = 8077B9592B77B52F00B08665 /* BitsoGalleryApp.swift */; };
		8077B95E2B77B53200B08665 /* Assets.xcassets in Resources */ = {isa = PBXBuildFile; fileRef = 8077B95D2B77B53200B08665 /* Assets.xcassets */; };
		8077B9612B77B53200B08665 /* Preview Assets.xcassets in Resources */ = {isa = PBXBuildFile; fileRef = 8077B9602B77B53200B08665 /* Preview Assets.xcassets */; };
		8077B9752B77B53200B08665 /* BitsoGalleryUITests.swift in Sources */ = {isa = PBXBuildFile; fileRef = 8077B9742B77B53200B08665 /* BitsoGalleryUITests.swift */; };
		8077B9772B77B53200B08665 /* BitsoGalleryUITestsLaunchTests.swift in Sources */ = {isa = PBXBuildFile; fileRef = 8077B9762B77B53200B08665 /* BitsoGalleryUITestsLaunchTests.swift */; };
		8080DDEA2B7ECF4700ACB6AC /* Application.swift in Sources */ = {isa = PBXBuildFile; fileRef = 8080DDE92B7ECF4700ACB6AC /* Application.swift */; };
		80A807E62B83F0DE00B00FAF /* Presentation in Frameworks */ = {isa = PBXBuildFile; productRef = 80A807E52B83F0DE00B00FAF /* Presentation */; };
/* End PBXBuildFile section */

/* Begin PBXContainerItemProxy section */
		8077B9712B77B53200B08665 /* PBXContainerItemProxy */ = {
			isa = PBXContainerItemProxy;
			containerPortal = 8077B94E2B77B52F00B08665 /* Project object */;
			proxyType = 1;
			remoteGlobalIDString = 8077B9552B77B52F00B08665;
			remoteInfo = BitsoGallery;
		};
/* End PBXContainerItemProxy section */

/* Begin PBXFileReference section */
		8077B9562B77B52F00B08665 /* BitsoGallery.app */ = {isa = PBXFileReference; explicitFileType = wrapper.application; includeInIndex = 0; path = BitsoGallery.app; sourceTree = BUILT_PRODUCTS_DIR; };
		8077B9592B77B52F00B08665 /* BitsoGalleryApp.swift */ = {isa = PBXFileReference; lastKnownFileType = sourcecode.swift; path = BitsoGalleryApp.swift; sourceTree = "<group>"; };
		8077B95D2B77B53200B08665 /* Assets.xcassets */ = {isa = PBXFileReference; lastKnownFileType = folder.assetcatalog; path = Assets.xcassets; sourceTree = "<group>"; };
		8077B9602B77B53200B08665 /* Preview Assets.xcassets */ = {isa = PBXFileReference; lastKnownFileType = folder.assetcatalog; path = "Preview Assets.xcassets"; sourceTree = "<group>"; };
		8077B9702B77B53200B08665 /* BitsoGalleryUITests.xctest */ = {isa = PBXFileReference; explicitFileType = wrapper.cfbundle; includeInIndex = 0; path = BitsoGalleryUITests.xctest; sourceTree = BUILT_PRODUCTS_DIR; };
		8077B9742B77B53200B08665 /* BitsoGalleryUITests.swift */ = {isa = PBXFileReference; lastKnownFileType = sourcecode.swift; path = BitsoGalleryUITests.swift; sourceTree = "<group>"; };
		8077B9762B77B53200B08665 /* BitsoGalleryUITestsLaunchTests.swift */ = {isa = PBXFileReference; lastKnownFileType = sourcecode.swift; path = BitsoGalleryUITestsLaunchTests.swift; sourceTree = "<group>"; };
		8080DDD92B7DF54200ACB6AC /* Network */ = {isa = PBXFileReference; lastKnownFileType = wrapper; name = Network; path = ../Modules/Network; sourceTree = "<group>"; };
		8080DDDB2B7DF54500ACB6AC /* ArticClient */ = {isa = PBXFileReference; lastKnownFileType = wrapper; name = ArticClient; path = ../Modules/ArticClient; sourceTree = "<group>"; };
		8080DDDD2B7DF54800ACB6AC /* AppCore */ = {isa = PBXFileReference; lastKnownFileType = wrapper; name = AppCore; path = ../Modules/AppCore; sourceTree = "<group>"; };
		8080DDDF2B7DF54C00ACB6AC /* Presentation */ = {isa = PBXFileReference; lastKnownFileType = wrapper; name = Presentation; path = ../Modules/Presentation; sourceTree = "<group>"; };
		8080DDE92B7ECF4700ACB6AC /* Application.swift */ = {isa = PBXFileReference; lastKnownFileType = sourcecode.swift; path = Application.swift; sourceTree = "<group>"; };
/* End PBXFileReference section */

/* Begin PBXFrameworksBuildPhase section */
		8077B9532B77B52F00B08665 /* Frameworks */ = {
			isa = PBXFrameworksBuildPhase;
			buildActionMask = 2147483647;
			files = (
				80A807E62B83F0DE00B00FAF /* Presentation in Frameworks */,
			);
			runOnlyForDeploymentPostprocessing = 0;
		};
		8077B96D2B77B53200B08665 /* Frameworks */ = {
			isa = PBXFrameworksBuildPhase;
			buildActionMask = 2147483647;
			files = (
			);
			runOnlyForDeploymentPostprocessing = 0;
		};
/* End PBXFrameworksBuildPhase section */

/* Begin PBXGroup section */
		8077B94D2B77B52F00B08665 = {
			isa = PBXGroup;
			children = (
				8077B9582B77B52F00B08665 /* BitsoGallery */,
				8077B9732B77B53200B08665 /* BitsoGalleryUITests */,
				8077B9572B77B52F00B08665 /* Products */,
				80DAD3772B7C2EDA00166864 /* Frameworks */,
			);
			sourceTree = "<group>";
		};
		8077B9572B77B52F00B08665 /* Products */ = {
			isa = PBXGroup;
			children = (
				8077B9562B77B52F00B08665 /* BitsoGallery.app */,
				8077B9702B77B53200B08665 /* BitsoGalleryUITests.xctest */,
			);
			name = Products;
			sourceTree = "<group>";
		};
		8077B9582B77B52F00B08665 /* BitsoGallery */ = {
			isa = PBXGroup;
			children = (
				8080DDE92B7ECF4700ACB6AC /* Application.swift */,
				8077B9592B77B52F00B08665 /* BitsoGalleryApp.swift */,
				8077B95D2B77B53200B08665 /* Assets.xcassets */,
				8077B95F2B77B53200B08665 /* Preview Content */,
			);
			path = BitsoGallery;
			sourceTree = "<group>";
		};
		8077B95F2B77B53200B08665 /* Preview Content */ = {
			isa = PBXGroup;
			children = (
				8077B9602B77B53200B08665 /* Preview Assets.xcassets */,
			);
			path = "Preview Content";
			sourceTree = "<group>";
		};
		8077B9732B77B53200B08665 /* BitsoGalleryUITests */ = {
			isa = PBXGroup;
			children = (
				8077B9742B77B53200B08665 /* BitsoGalleryUITests.swift */,
				8077B9762B77B53200B08665 /* BitsoGalleryUITestsLaunchTests.swift */,
			);
			path = BitsoGalleryUITests;
			sourceTree = "<group>";
		};
		80DAD3772B7C2EDA00166864 /* Frameworks */ = {
			isa = PBXGroup;
			children = (
				8080DDD92B7DF54200ACB6AC /* Network */,
				8080DDDB2B7DF54500ACB6AC /* ArticClient */,
				8080DDDD2B7DF54800ACB6AC /* AppCore */,
				8080DDDF2B7DF54C00ACB6AC /* Presentation */,
			);
			name = Frameworks;
			sourceTree = "<group>";
		};
/* End PBXGroup section */

/* Begin PBXNativeTarget section */
		8077B9552B77B52F00B08665 /* BitsoGallery */ = {
			isa = PBXNativeTarget;
			buildConfigurationList = 8077B97A2B77B53200B08665 /* Build configuration list for PBXNativeTarget "BitsoGallery" */;
			buildPhases = (
				8077B9522B77B52F00B08665 /* Sources */,
				8077B9532B77B52F00B08665 /* Frameworks */,
				8077B9542B77B52F00B08665 /* Resources */,
			);
			buildRules = (
			);
			dependencies = (
			);
			name = BitsoGallery;
			packageProductDependencies = (
				80A807E52B83F0DE00B00FAF /* Presentation */,
			);
			productName = BitsoGallery;
			productReference = 8077B9562B77B52F00B08665 /* BitsoGallery.app */;
			productType = "com.apple.product-type.application";
		};
		8077B96F2B77B53200B08665 /* BitsoGalleryUITests */ = {
			isa = PBXNativeTarget;
			buildConfigurationList = 8077B9802B77B53200B08665 /* Build configuration list for PBXNativeTarget "BitsoGalleryUITests" */;
			buildPhases = (
				8077B96C2B77B53200B08665 /* Sources */,
				8077B96D2B77B53200B08665 /* Frameworks */,
				8077B96E2B77B53200B08665 /* Resources */,
			);
			buildRules = (
			);
			dependencies = (
				8077B9722B77B53200B08665 /* PBXTargetDependency */,
			);
			name = BitsoGalleryUITests;
			productName = BitsoGalleryUITests;
			productReference = 8077B9702B77B53200B08665 /* BitsoGalleryUITests.xctest */;
			productType = "com.apple.product-type.bundle.ui-testing";
		};
/* End PBXNativeTarget section */

/* Begin PBXProject section */
		8077B94E2B77B52F00B08665 /* Project object */ = {
			isa = PBXProject;
			attributes = {
				BuildIndependentTargetsInParallel = 1;
				LastSwiftUpdateCheck = 1520;
				LastUpgradeCheck = 1520;
				TargetAttributes = {
					8077B9552B77B52F00B08665 = {
						CreatedOnToolsVersion = 15.2;
					};
					8077B96F2B77B53200B08665 = {
						CreatedOnToolsVersion = 15.2;
						TestTargetID = 8077B9552B77B52F00B08665;
					};
				};
			};
			buildConfigurationList = 8077B9512B77B52F00B08665 /* Build configuration list for PBXProject "BitsoGallery" */;
			compatibilityVersion = "Xcode 14.0";
			developmentRegion = en;
			hasScannedForEncodings = 0;
			knownRegions = (
				en,
				Base,
			);
			mainGroup = 8077B94D2B77B52F00B08665;
			packageReferences = (
			);
			productRefGroup = 8077B9572B77B52F00B08665 /* Products */;
			projectDirPath = "";
			projectRoot = "";
			targets = (
				8077B9552B77B52F00B08665 /* BitsoGallery */,
				8077B96F2B77B53200B08665 /* BitsoGalleryUITests */,
			);
		};
/* End PBXProject section */

/* Begin PBXResourcesBuildPhase section */
		8077B9542B77B52F00B08665 /* Resources */ = {
			isa = PBXResourcesBuildPhase;
			buildActionMask = 2147483647;
			files = (
				8077B9612B77B53200B08665 /* Preview Assets.xcassets in Resources */,
				8077B95E2B77B53200B08665 /* Assets.xcassets in Resources */,
			);
			runOnlyForDeploymentPostprocessing = 0;
		};
		8077B96E2B77B53200B08665 /* Resources */ = {
			isa = PBXResourcesBuildPhase;
			buildActionMask = 2147483647;
			files = (
			);
			runOnlyForDeploymentPostprocessing = 0;
		};
/* End PBXResourcesBuildPhase section */

/* Begin PBXSourcesBuildPhase section */
		8077B9522B77B52F00B08665 /* Sources */ = {
			isa = PBXSourcesBuildPhase;
			buildActionMask = 2147483647;
			files = (
				8080DDEA2B7ECF4700ACB6AC /* Application.swift in Sources */,
				8077B95A2B77B52F00B08665 /* BitsoGalleryApp.swift in Sources */,
			);
			runOnlyForDeploymentPostprocessing = 0;
		};
		8077B96C2B77B53200B08665 /* Sources */ = {
			isa = PBXSourcesBuildPhase;
			buildActionMask = 2147483647;
			files = (
				8077B9752B77B53200B08665 /* BitsoGalleryUITests.swift in Sources */,
				8077B9772B77B53200B08665 /* BitsoGalleryUITestsLaunchTests.swift in Sources */,
			);
			runOnlyForDeploymentPostprocessing = 0;
		};
/* End PBXSourcesBuildPhase section */

/* Begin PBXTargetDependency section */
		8077B9722B77B53200B08665 /* PBXTargetDependency */ = {
			isa = PBXTargetDependency;
			target = 8077B9552B77B52F00B08665 /* BitsoGallery */;
			targetProxy = 8077B9712B77B53200B08665 /* PBXContainerItemProxy */;
		};
/* End PBXTargetDependency section */

/* Begin XCBuildConfiguration section */
		8077B9782B77B53200B08665 /* Debug */ = {
			isa = XCBuildConfiguration;
			buildSettings = {
				ALWAYS_SEARCH_USER_PATHS = NO;
				ASSETCATALOG_COMPILER_GENERATE_SWIFT_ASSET_SYMBOL_EXTENSIONS = YES;
				CLANG_ANALYZER_NONNULL = YES;
				CLANG_ANALYZER_NUMBER_OBJECT_CONVERSION = YES_AGGRESSIVE;
				CLANG_CXX_LANGUAGE_STANDARD = "gnu++20";
				CLANG_ENABLE_MODULES = YES;
				CLANG_ENABLE_OBJC_ARC = YES;
				CLANG_ENABLE_OBJC_WEAK = YES;
				CLANG_WARN_BLOCK_CAPTURE_AUTORELEASING = YES;
				CLANG_WARN_BOOL_CONVERSION = YES;
				CLANG_WARN_COMMA = YES;
				CLANG_WARN_CONSTANT_CONVERSION = YES;
				CLANG_WARN_DEPRECATED_OBJC_IMPLEMENTATIONS = YES;
				CLANG_WARN_DIRECT_OBJC_ISA_USAGE = YES_ERROR;
				CLANG_WARN_DOCUMENTATION_COMMENTS = YES;
				CLANG_WARN_EMPTY_BODY = YES;
				CLANG_WARN_ENUM_CONVERSION = YES;
				CLANG_WARN_INFINITE_RECURSION = YES;
				CLANG_WARN_INT_CONVERSION = YES;
				CLANG_WARN_NON_LITERAL_NULL_CONVERSION = YES;
				CLANG_WARN_OBJC_IMPLICIT_RETAIN_SELF = YES;
				CLANG_WARN_OBJC_LITERAL_CONVERSION = YES;
				CLANG_WARN_OBJC_ROOT_CLASS = YES_ERROR;
				CLANG_WARN_QUOTED_INCLUDE_IN_FRAMEWORK_HEADER = YES;
				CLANG_WARN_RANGE_LOOP_ANALYSIS = YES;
				CLANG_WARN_STRICT_PROTOTYPES = YES;
				CLANG_WARN_SUSPICIOUS_MOVE = YES;
				CLANG_WARN_UNGUARDED_AVAILABILITY = YES_AGGRESSIVE;
				CLANG_WARN_UNREACHABLE_CODE = YES;
				CLANG_WARN__DUPLICATE_METHOD_MATCH = YES;
				COPY_PHASE_STRIP = NO;
				DEBUG_INFORMATION_FORMAT = dwarf;
				ENABLE_STRICT_OBJC_MSGSEND = YES;
				ENABLE_TESTABILITY = YES;
				ENABLE_USER_SCRIPT_SANDBOXING = YES;
				GCC_C_LANGUAGE_STANDARD = gnu17;
				GCC_DYNAMIC_NO_PIC = NO;
				GCC_NO_COMMON_BLOCKS = YES;
				GCC_OPTIMIZATION_LEVEL = 0;
				GCC_PREPROCESSOR_DEFINITIONS = (
					"DEBUG=1",
					"$(inherited)",
				);
				GCC_WARN_64_TO_32_BIT_CONVERSION = YES;
				GCC_WARN_ABOUT_RETURN_TYPE = YES_ERROR;
				GCC_WARN_UNDECLARED_SELECTOR = YES;
				GCC_WARN_UNINITIALIZED_AUTOS = YES_AGGRESSIVE;
				GCC_WARN_UNUSED_FUNCTION = YES;
				GCC_WARN_UNUSED_VARIABLE = YES;
				IPHONEOS_DEPLOYMENT_TARGET = 16.0;
				LOCALIZATION_PREFERS_STRING_CATALOGS = YES;
				MTL_ENABLE_DEBUG_INFO = INCLUDE_SOURCE;
				MTL_FAST_MATH = YES;
				ONLY_ACTIVE_ARCH = YES;
				SDKROOT = iphoneos;
				SWIFT_ACTIVE_COMPILATION_CONDITIONS = "DEBUG $(inherited)";
				SWIFT_OPTIMIZATION_LEVEL = "-Onone";
			};
			name = Debug;
		};
		8077B9792B77B53200B08665 /* Release */ = {
			isa = XCBuildConfiguration;
			buildSettings = {
				ALWAYS_SEARCH_USER_PATHS = NO;
				ASSETCATALOG_COMPILER_GENERATE_SWIFT_ASSET_SYMBOL_EXTENSIONS = YES;
				CLANG_ANALYZER_NONNULL = YES;
				CLANG_ANALYZER_NUMBER_OBJECT_CONVERSION = YES_AGGRESSIVE;
				CLANG_CXX_LANGUAGE_STANDARD = "gnu++20";
				CLANG_ENABLE_MODULES = YES;
				CLANG_ENABLE_OBJC_ARC = YES;
				CLANG_ENABLE_OBJC_WEAK = YES;
				CLANG_WARN_BLOCK_CAPTURE_AUTORELEASING = YES;
				CLANG_WARN_BOOL_CONVERSION = YES;
				CLANG_WARN_COMMA = YES;
				CLANG_WARN_CONSTANT_CONVERSION = YES;
				CLANG_WARN_DEPRECATED_OBJC_IMPLEMENTATIONS = YES;
				CLANG_WARN_DIRECT_OBJC_ISA_USAGE = YES_ERROR;
				CLANG_WARN_DOCUMENTATION_COMMENTS = YES;
				CLANG_WARN_EMPTY_BODY = YES;
				CLANG_WARN_ENUM_CONVERSION = YES;
				CLANG_WARN_INFINITE_RECURSION = YES;
				CLANG_WARN_INT_CONVERSION = YES;
				CLANG_WARN_NON_LITERAL_NULL_CONVERSION = YES;
				CLANG_WARN_OBJC_IMPLICIT_RETAIN_SELF = YES;
				CLANG_WARN_OBJC_LITERAL_CONVERSION = YES;
				CLANG_WARN_OBJC_ROOT_CLASS = YES_ERROR;
				CLANG_WARN_QUOTED_INCLUDE_IN_FRAMEWORK_HEADER = YES;
				CLANG_WARN_RANGE_LOOP_ANALYSIS = YES;
				CLANG_WARN_STRICT_PROTOTYPES = YES;
				CLANG_WARN_SUSPICIOUS_MOVE = YES;
				CLANG_WARN_UNGUARDED_AVAILABILITY = YES_AGGRESSIVE;
				CLANG_WARN_UNREACHABLE_CODE = YES;
				CLANG_WARN__DUPLICATE_METHOD_MATCH = YES;
				COPY_PHASE_STRIP = NO;
				DEBUG_INFORMATION_FORMAT = "dwarf-with-dsym";
				ENABLE_NS_ASSERTIONS = NO;
				ENABLE_STRICT_OBJC_MSGSEND = YES;
				ENABLE_USER_SCRIPT_SANDBOXING = YES;
				GCC_C_LANGUAGE_STANDARD = gnu17;
				GCC_NO_COMMON_BLOCKS = YES;
				GCC_WARN_64_TO_32_BIT_CONVERSION = YES;
				GCC_WARN_ABOUT_RETURN_TYPE = YES_ERROR;
				GCC_WARN_UNDECLARED_SELECTOR = YES;
				GCC_WARN_UNINITIALIZED_AUTOS = YES_AGGRESSIVE;
				GCC_WARN_UNUSED_FUNCTION = YES;
				GCC_WARN_UNUSED_VARIABLE = YES;
				IPHONEOS_DEPLOYMENT_TARGET = 16.0;
				LOCALIZATION_PREFERS_STRING_CATALOGS = YES;
				MTL_ENABLE_DEBUG_INFO = NO;
				MTL_FAST_MATH = YES;
				SDKROOT = iphoneos;
				SWIFT_COMPILATION_MODE = wholemodule;
				VALIDATE_PRODUCT = YES;
			};
			name = Release;
		};
		8077B97B2B77B53200B08665 /* Debug */ = {
			isa = XCBuildConfiguration;
			buildSettings = {
				ASSETCATALOG_COMPILER_APPICON_NAME = AppIcon;
				ASSETCATALOG_COMPILER_GLOBAL_ACCENT_COLOR_NAME = AccentColor;
				CODE_SIGN_STYLE = Automatic;
				CURRENT_PROJECT_VERSION = 1;
				DEVELOPMENT_ASSET_PATHS = "\"BitsoGallery/Preview Content\"";
				DEVELOPMENT_TEAM = FJKBR6T662;
				ENABLE_PREVIEWS = YES;
				GENERATE_INFOPLIST_FILE = YES;
				INFOPLIST_KEY_UIApplicationSceneManifest_Generation = YES;
				INFOPLIST_KEY_UIApplicationSupportsIndirectInputEvents = YES;
				INFOPLIST_KEY_UILaunchScreen_Generation = YES;
				INFOPLIST_KEY_UISupportedInterfaceOrientations = UIInterfaceOrientationPortrait;
				INFOPLIST_KEY_UISupportedInterfaceOrientations_iPad = "UIInterfaceOrientationLandscapeLeft UIInterfaceOrientationLandscapeRight UIInterfaceOrientationPortrait UIInterfaceOrientationPortraitUpsideDown";
				IPHONEOS_DEPLOYMENT_TARGET = 16.0;
				LD_RUNPATH_SEARCH_PATHS = (
					"$(inherited)",
					"@executable_path/Frameworks",
				);
				MARKETING_VERSION = 1.0;
				PRODUCT_BUNDLE_IDENTIFIER = area51.com.BitsoGallery;
				PRODUCT_NAME = "$(TARGET_NAME)";
				SUPPORTED_PLATFORMS = "iphoneos iphonesimulator";
				SUPPORTS_MACCATALYST = NO;
				SUPPORTS_MAC_DESIGNED_FOR_IPHONE_IPAD = NO;
				SUPPORTS_XR_DESIGNED_FOR_IPHONE_IPAD = NO;
				SWIFT_EMIT_LOC_STRINGS = YES;
				SWIFT_VERSION = 5.0;
				TARGETED_DEVICE_FAMILY = 1;
			};
			name = Debug;
		};
		8077B97C2B77B53200B08665 /* Release */ = {
			isa = XCBuildConfiguration;
			buildSettings = {
				ASSETCATALOG_COMPILER_APPICON_NAME = AppIcon;
				ASSETCATALOG_COMPILER_GLOBAL_ACCENT_COLOR_NAME = AccentColor;
				CODE_SIGN_STYLE = Automatic;
				CURRENT_PROJECT_VERSION = 1;
				DEVELOPMENT_ASSET_PATHS = "\"BitsoGallery/Preview Content\"";
				DEVELOPMENT_TEAM = FJKBR6T662;
				ENABLE_PREVIEWS = YES;
				GENERATE_INFOPLIST_FILE = YES;
				INFOPLIST_KEY_UIApplicationSceneManifest_Generation = YES;
				INFOPLIST_KEY_UIApplicationSupportsIndirectInputEvents = YES;
				INFOPLIST_KEY_UILaunchScreen_Generation = YES;
				INFOPLIST_KEY_UISupportedInterfaceOrientations = UIInterfaceOrientationPortrait;
				INFOPLIST_KEY_UISupportedInterfaceOrientations_iPad = "UIInterfaceOrientationLandscapeLeft UIInterfaceOrientationLandscapeRight UIInterfaceOrientationPortrait UIInterfaceOrientationPortraitUpsideDown";
				IPHONEOS_DEPLOYMENT_TARGET = 16.0;
				LD_RUNPATH_SEARCH_PATHS = (
					"$(inherited)",
					"@executable_path/Frameworks",
				);
				MARKETING_VERSION = 1.0;
				PRODUCT_BUNDLE_IDENTIFIER = area51.com.BitsoGallery;
				PRODUCT_NAME = "$(TARGET_NAME)";
				SUPPORTED_PLATFORMS = "iphoneos iphonesimulator";
				SUPPORTS_MACCATALYST = NO;
				SUPPORTS_MAC_DESIGNED_FOR_IPHONE_IPAD = NO;
				SUPPORTS_XR_DESIGNED_FOR_IPHONE_IPAD = NO;
				SWIFT_EMIT_LOC_STRINGS = YES;
				SWIFT_VERSION = 5.0;
				TARGETED_DEVICE_FAMILY = 1;
			};
			name = Release;
		};
		8077B9812B77B53200B08665 /* Debug */ = {
			isa = XCBuildConfiguration;
			buildSettings = {
				ALWAYS_EMBED_SWIFT_STANDARD_LIBRARIES = YES;
				CODE_SIGN_STYLE = Automatic;
				CURRENT_PROJECT_VERSION = 1;
				DEVELOPMENT_TEAM = FJKBR6T662;
				GENERATE_INFOPLIST_FILE = YES;
				IPHONEOS_DEPLOYMENT_TARGET = 16.0;
				MARKETING_VERSION = 1.0;
				PRODUCT_BUNDLE_IDENTIFIER = area51.com.BitsoGalleryUITests;
				PRODUCT_NAME = "$(TARGET_NAME)";
				SUPPORTED_PLATFORMS = "iphoneos iphonesimulator";
				SUPPORTS_MACCATALYST = NO;
				SUPPORTS_MAC_DESIGNED_FOR_IPHONE_IPAD = NO;
				SUPPORTS_XR_DESIGNED_FOR_IPHONE_IPAD = NO;
				SWIFT_EMIT_LOC_STRINGS = NO;
				SWIFT_VERSION = 5.0;
				TARGETED_DEVICE_FAMILY = 1;
				TEST_TARGET_NAME = BitsoGallery;
			};
			name = Debug;
		};
		8077B9822B77B53200B08665 /* Release */ = {
			isa = XCBuildConfiguration;
			buildSettings = {
				ALWAYS_EMBED_SWIFT_STANDARD_LIBRARIES = YES;
				CODE_SIGN_STYLE = Automatic;
				CURRENT_PROJECT_VERSION = 1;
				DEVELOPMENT_TEAM = FJKBR6T662;
				GENERATE_INFOPLIST_FILE = YES;
				IPHONEOS_DEPLOYMENT_TARGET = 16.0;
				MARKETING_VERSION = 1.0;
				PRODUCT_BUNDLE_IDENTIFIER = area51.com.BitsoGalleryUITests;
				PRODUCT_NAME = "$(TARGET_NAME)";
				SUPPORTED_PLATFORMS = "iphoneos iphonesimulator";
				SUPPORTS_MACCATALYST = NO;
				SUPPORTS_MAC_DESIGNED_FOR_IPHONE_IPAD = NO;
				SUPPORTS_XR_DESIGNED_FOR_IPHONE_IPAD = NO;
				SWIFT_EMIT_LOC_STRINGS = NO;
				SWIFT_VERSION = 5.0;
				TARGETED_DEVICE_FAMILY = 1;
				TEST_TARGET_NAME = BitsoGallery;
			};
			name = Release;
		};
/* End XCBuildConfiguration section */

/* Begin XCConfigurationList section */
		8077B9512B77B52F00B08665 /* Build configuration list for PBXProject "BitsoGallery" */ = {
			isa = XCConfigurationList;
			buildConfigurations = (
				8077B9782B77B53200B08665 /* Debug */,
				8077B9792B77B53200B08665 /* Release */,
			);
			defaultConfigurationIsVisible = 0;
			defaultConfigurationName = Release;
		};
		8077B97A2B77B53200B08665 /* Build configuration list for PBXNativeTarget "BitsoGallery" */ = {
			isa = XCConfigurationList;
			buildConfigurations = (
				8077B97B2B77B53200B08665 /* Debug */,
				8077B97C2B77B53200B08665 /* Release */,
			);
			defaultConfigurationIsVisible = 0;
			defaultConfigurationName = Release;
		};
		8077B9802B77B53200B08665 /* Build configuration list for PBXNativeTarget "BitsoGalleryUITests" */ = {
			isa = XCConfigurationList;
			buildConfigurations = (
				8077B9812B77B53200B08665 /* Debug */,
				8077B9822B77B53200B08665 /* Release */,
			);
			defaultConfigurationIsVisible = 0;
			defaultConfigurationName = Release;
		};
/* End XCConfigurationList section */

/* Begin XCSwiftPackageProductDependency section */
		80A807E52B83F0DE00B00FAF /* Presentation */ = {
			isa = XCSwiftPackageProductDependency;
			productName = Presentation;
		};
/* End XCSwiftPackageProductDependency section */
	};
	rootObject = 8077B94E2B77B52F00B08665 /* Project object */;
}
